
Microsoft Visual Studio Solution File, Format Version 12.00
# Visual Studio Version 16
VisualStudioVersion = 16.0.34031.81
MinimumVisualStudioVersion = 10.0.40219.1
Project("{2150E333-8FDC-42A3-9474-1A3956D46DE8}") = "Task0", "Task0", "{F87035DD-4D93-473A-AFC8-2E8384B30094}"
EndProject
Project("{FAE04EC0-301F-11D3-BF4B-00C04F79EFBC}") = "Tyuiu.VelizhaninPI.Sprint4.Task0.V11", "Tyuiu.VelizhaninPI.Sprint4.Task0.V11\Tyuiu.VelizhaninPI.Sprint4.Task0.V11.csproj", "{368D947E-C7D0-42D3-8CE5-3031E3BBEEC7}"
EndProject
Project("{FAE04EC0-301F-11D3-BF4B-00C04F79EFBC}") = "Tyuiu.VelizhaninPI.Sprint4.Task0.V11.Lib", "Tyuiu.VelizhaninPI.Sprint4.Task0.V11.Lib\Tyuiu.VelizhaninPI.Sprint4.Task0.V11.Lib.csproj", "{6EE9B4E7-9B77-4BD1-9856-A7010FE97BF2}"
EndProject
Project("{FAE04EC0-301F-11D3-BF4B-00C04F79EFBC}") = "Tyuiu.VelizhaninPI.Sprint4.Task0.V11.Test", "Tyuiu.VelizhaninPI.Sprint4.Task0.V11.Test\Tyuiu.VelizhaninPI.Sprint4.Task0.V11.Test.csproj", "{E0240E7E-7FFA-47CF-88DD-27744AF1E2DB}"
EndProject
Project("{2150E333-8FDC-42A3-9474-1A3956D46DE8}") = "Task1", "Task1", "{9F20E3FC-2A17-4889-BB50-5C7AB7AAEC1F}"
EndProject
Project("{FAE04EC0-301F-11D3-BF4B-00C04F79EFBC}") = "Tyuiu.VelizhaninPI.Sprint4.Task1.V13", "Tyuiu.VelizhaninPI.Sprint4.Task1.V13\Tyuiu.VelizhaninPI.Sprint4.Task1.V13.csproj", "{E7F7D508-71B6-4347-A9BB-7614BD0C664C}"
EndProject
Project("{FAE04EC0-301F-11D3-BF4B-00C04F79EFBC}") = "Tyuiu.VelizhaninPI.Sprint4.Task1.V13.Lib", "Tyuiu.VelizhaninPI.Sprint4.Task1.V13.Lib\Tyuiu.VelizhaninPI.Sprint4.Task1.V13.Lib.csproj", "{BE81EF2C-E11D-4E42-8DC4-42A9242C4B57}"
EndProject
Project("{FAE04EC0-301F-11D3-BF4B-00C04F79EFBC}") = "Tyuiu.VelizhaninPI.Sprint4.Task1.V13.Test", "Tyuiu.VelizhaninPI.Sprint4.Task1.V13.Test\Tyuiu.VelizhaninPI.Sprint4.Task1.V13.Test.csproj", "{72B090CD-C35C-4A49-B55F-602F82531AFA}"
EndProject
Project("{2150E333-8FDC-42A3-9474-1A3956D46DE8}") = "Task2", "Task2", "{060EA319-DD92-412F-8583-F9D847915853}"
EndProject
Project("{FAE04EC0-301F-11D3-BF4B-00C04F79EFBC}") = "Tyuiu.VelizhaninPI.Sprint4.Task2.V22", "Tyuiu.VelizhaninPI.Sprint4.Task2.V22\Tyuiu.VelizhaninPI.Sprint4.Task2.V22.csproj", "{EAADC744-0AA7-4A4C-90D7-CCA663FDD189}"
EndProject
Project("{FAE04EC0-301F-11D3-BF4B-00C04F79EFBC}") = "Tyuiu.VelizhaninPI.Sprint4.Task2.V22.Lib", "Tyuiu.VelizhaninPI.Sprint4.Task2.V22.Lib\Tyuiu.VelizhaninPI.Sprint4.Task2.V22.Lib.csproj", "{CB07C628-6F53-45C4-A1BB-F6691C572B98}"
EndProject
Project("{FAE04EC0-301F-11D3-BF4B-00C04F79EFBC}") = "Tyuiu.VelizhaninPI.Sprint4.Task2.V22.Test", "Tyuiu.VelizhaninPI.Sprint4.Task2.V22.Test\Tyuiu.VelizhaninPI.Sprint4.Task2.V22.Test.csproj", "{4BEA0752-CB23-45D1-BCA0-9549CD90AA58}"
EndProject
Project("{2150E333-8FDC-42A3-9474-1A3956D46DE8}") = "Task3", "Task3", "{ED276349-F212-4137-9448-FCF900D7221A}"
EndProject
Project("{FAE04EC0-301F-11D3-BF4B-00C04F79EFBC}") = "Tyuiu.VelizhaninPI.Sprint4.Task3.V26", "Tyuiu.VelizhaninPI.Sprint4.Task3.V26\Tyuiu.VelizhaninPI.Sprint4.Task3.V26.csproj", "{E421EDB4-D277-49E7-BC86-AD29F5EF77F8}"
EndProject
Project("{FAE04EC0-301F-11D3-BF4B-00C04F79EFBC}") = "Tyuiu.VelizhaninPI.Sprint4.Task3.V26.Lib", "Tyuiu.VelizhaninPI.Sprint4.Task3.V26.Lib\Tyuiu.VelizhaninPI.Sprint4.Task3.V26.Lib.csproj", "{C24B4EBD-0D25-4E96-B1DA-649A085AA5F8}"
EndProject
Project("{FAE04EC0-301F-11D3-BF4B-00C04F79EFBC}") = "Tyuiu.VelizhaninPI.Sprint4.Task3.V26.Test", "Tyuiu.VelizhaninPI.Sprint4.Task3.V26.Test\Tyuiu.VelizhaninPI.Sprint4.Task3.V26.Test.csproj", "{EA854C4B-6773-4DC8-BED7-3816A1B4AEA6}"
EndProject
Project("{2150E333-8FDC-42A3-9474-1A3956D46DE8}") = "Task4", "Task4", "{91DC7D50-742D-41BB-8050-BE5C442C3657}"
EndProject
Project("{FAE04EC0-301F-11D3-BF4B-00C04F79EFBC}") = "Tyuiu.VelizhaninPI.Sprint4.Task4.V20", "Tyuiu.VelizhaninPI.Sprint4.Task4.V20\Tyuiu.VelizhaninPI.Sprint4.Task4.V20.csproj", "{AD59BECC-4BF2-474F-AF26-D52EE11A9DDA}"
EndProject
Project("{FAE04EC0-301F-11D3-BF4B-00C04F79EFBC}") = "Tyuiu.VelizhaninPI.Sprint4.Task4.V20.Lib", "Tyuiu.VelizhaninPI.Sprint4.Task4.V20.Lib\Tyuiu.VelizhaninPI.Sprint4.Task4.V20.Lib.csproj", "{5F8B6B44-CC73-41EA-AD43-BD827F564594}"
EndProject
Project("{FAE04EC0-301F-11D3-BF4B-00C04F79EFBC}") = "Tyuiu.VelizhaninPI.Sprint4.Task4.V20.Test", "Tyuiu.VelizhaninPI.Sprint4.Task4.V20.Test\Tyuiu.VelizhaninPI.Sprint4.Task4.V20.Test.csproj", "{CF0F0D5B-FB30-406B-8A7F-0DE8FC28AC7F}"
EndProject
Global
	GlobalSection(SolutionConfigurationPlatforms) = preSolution
		Debug|Any CPU = Debug|Any CPU
		Release|Any CPU = Release|Any CPU
	EndGlobalSection
	GlobalSection(ProjectConfigurationPlatforms) = postSolution
		{368D947E-C7D0-42D3-8CE5-3031E3BBEEC7}.Debug|Any CPU.ActiveCfg = Debug|Any CPU
		{368D947E-C7D0-42D3-8CE5-3031E3BBEEC7}.Debug|Any CPU.Build.0 = Debug|Any CPU
		{368D947E-C7D0-42D3-8CE5-3031E3BBEEC7}.Release|Any CPU.ActiveCfg = Release|Any CPU
		{368D947E-C7D0-42D3-8CE5-3031E3BBEEC7}.Release|Any CPU.Build.0 = Release|Any CPU
		{6EE9B4E7-9B77-4BD1-9856-A7010FE97BF2}.Debug|Any CPU.ActiveCfg = Debug|Any CPU
		{6EE9B4E7-9B77-4BD1-9856-A7010FE97BF2}.Debug|Any CPU.Build.0 = Debug|Any CPU
		{6EE9B4E7-9B77-4BD1-9856-A7010FE97BF2}.Release|Any CPU.ActiveCfg = Release|Any CPU
		{6EE9B4E7-9B77-4BD1-9856-A7010FE97BF2}.Release|Any CPU.Build.0 = Release|Any CPU
		{E0240E7E-7FFA-47CF-88DD-27744AF1E2DB}.Debug|Any CPU.ActiveCfg = Debug|Any CPU
		{E0240E7E-7FFA-47CF-88DD-27744AF1E2DB}.Debug|Any CPU.Build.0 = Debug|Any CPU
		{E0240E7E-7FFA-47CF-88DD-27744AF1E2DB}.Release|Any CPU.ActiveCfg = Release|Any CPU
		{E0240E7E-7FFA-47CF-88DD-27744AF1E2DB}.Release|Any CPU.Build.0 = Release|Any CPU
		{E7F7D508-71B6-4347-A9BB-7614BD0C664C}.Debug|Any CPU.ActiveCfg = Debug|Any CPU
		{E7F7D508-71B6-4347-A9BB-7614BD0C664C}.Debug|Any CPU.Build.0 = Debug|Any CPU
		{E7F7D508-71B6-4347-A9BB-7614BD0C664C}.Release|Any CPU.ActiveCfg = Release|Any CPU
		{E7F7D508-71B6-4347-A9BB-7614BD0C664C}.Release|Any CPU.Build.0 = Release|Any CPU
		{BE81EF2C-E11D-4E42-8DC4-42A9242C4B57}.Debug|Any CPU.ActiveCfg = Debug|Any CPU
		{BE81EF2C-E11D-4E42-8DC4-42A9242C4B57}.Debug|Any CPU.Build.0 = Debug|Any CPU
		{BE81EF2C-E11D-4E42-8DC4-42A9242C4B57}.Release|Any CPU.ActiveCfg = Release|Any CPU
		{BE81EF2C-E11D-4E42-8DC4-42A9242C4B57}.Release|Any CPU.Build.0 = Release|Any CPU
		{72B090CD-C35C-4A49-B55F-602F82531AFA}.Debug|Any CPU.ActiveCfg = Debug|Any CPU
		{72B090CD-C35C-4A49-B55F-602F82531AFA}.Debug|Any CPU.Build.0 = Debug|Any CPU
		{72B090CD-C35C-4A49-B55F-602F82531AFA}.Release|Any CPU.ActiveCfg = Release|Any CPU
		{72B090CD-C35C-4A49-B55F-602F82531AFA}.Release|Any CPU.Build.0 = Release|Any CPU
		{EAADC744-0AA7-4A4C-90D7-CCA663FDD189}.Debug|Any CPU.ActiveCfg = Debug|Any CPU
		{EAADC744-0AA7-4A4C-90D7-CCA663FDD189}.Debug|Any CPU.Build.0 = Debug|Any CPU
		{EAADC744-0AA7-4A4C-90D7-CCA663FDD189}.Release|Any CPU.ActiveCfg = Release|Any CPU
		{EAADC744-0AA7-4A4C-90D7-CCA663FDD189}.Release|Any CPU.Build.0 = Release|Any CPU
		{CB07C628-6F53-45C4-A1BB-F6691C572B98}.Debug|Any CPU.ActiveCfg = Debug|Any CPU
		{CB07C628-6F53-45C4-A1BB-F6691C572B98}.Debug|Any CPU.Build.0 = Debug|Any CPU
		{CB07C628-6F53-45C4-A1BB-F6691C572B98}.Release|Any CPU.ActiveCfg = Release|Any CPU
		{CB07C628-6F53-45C4-A1BB-F6691C572B98}.Release|Any CPU.Build.0 = Release|Any CPU
		{4BEA0752-CB23-45D1-BCA0-9549CD90AA58}.Debug|Any CPU.ActiveCfg = Debug|Any CPU
		{4BEA0752-CB23-45D1-BCA0-9549CD90AA58}.Debug|Any CPU.Build.0 = Debug|Any CPU
		{4BEA0752-CB23-45D1-BCA0-9549CD90AA58}.Release|Any CPU.ActiveCfg = Release|Any CPU
		{4BEA0752-CB23-45D1-BCA0-9549CD90AA58}.Release|Any CPU.Build.0 = Release|Any CPU
		{E421EDB4-D277-49E7-BC86-AD29F5EF77F8}.Debug|Any CPU.ActiveCfg = Debug|Any CPU
		{E421EDB4-D277-49E7-BC86-AD29F5EF77F8}.Debug|Any CPU.Build.0 = Debug|Any CPU
		{E421EDB4-D277-49E7-BC86-AD29F5EF77F8}.Release|Any CPU.ActiveCfg = Release|Any CPU
		{E421EDB4-D277-49E7-BC86-AD29F5EF77F8}.Release|Any CPU.Build.0 = Release|Any CPU
		{C24B4EBD-0D25-4E96-B1DA-649A085AA5F8}.Debug|Any CPU.ActiveCfg = Debug|Any CPU
		{C24B4EBD-0D25-4E96-B1DA-649A085AA5F8}.Debug|Any CPU.Build.0 = Debug|Any CPU
		{C24B4EBD-0D25-4E96-B1DA-649A085AA5F8}.Release|Any CPU.ActiveCfg = Release|Any CPU
		{C24B4EBD-0D25-4E96-B1DA-649A085AA5F8}.Release|Any CPU.Build.0 = Release|Any CPU
		{EA854C4B-6773-4DC8-BED7-3816A1B4AEA6}.Debug|Any CPU.ActiveCfg = Debug|Any CPU
		{EA854C4B-6773-4DC8-BED7-3816A1B4AEA6}.Debug|Any CPU.Build.0 = Debug|Any CPU
		{EA854C4B-6773-4DC8-BED7-3816A1B4AEA6}.Release|Any CPU.ActiveCfg = Release|Any CPU
		{EA854C4B-6773-4DC8-BED7-3816A1B4AEA6}.Release|Any CPU.Build.0 = Release|Any CPU
		{AD59BECC-4BF2-474F-AF26-D52EE11A9DDA}.Debug|Any CPU.ActiveCfg = Debug|Any CPU
		{AD59BECC-4BF2-474F-AF26-D52EE11A9DDA}.Debug|Any CPU.Build.0 = Debug|Any CPU
		{AD59BECC-4BF2-474F-AF26-D52EE11A9DDA}.Release|Any CPU.ActiveCfg = Release|Any CPU
		{AD59BECC-4BF2-474F-AF26-D52EE11A9DDA}.Release|Any CPU.Build.0 = Release|Any CPU
		{5F8B6B44-CC73-41EA-AD43-BD827F564594}.Debug|Any CPU.ActiveCfg = Debug|Any CPU
		{5F8B6B44-CC73-41EA-AD43-BD827F564594}.Debug|Any CPU.Build.0 = Debug|Any CPU
		{5F8B6B44-CC73-41EA-AD43-BD827F564594}.Release|Any CPU.ActiveCfg = Release|Any CPU
		{5F8B6B44-CC73-41EA-AD43-BD827F564594}.Release|Any CPU.Build.0 = Release|Any CPU
		{CF0F0D5B-FB30-406B-8A7F-0DE8FC28AC7F}.Debug|Any CPU.ActiveCfg = Debug|Any CPU
		{CF0F0D5B-FB30-406B-8A7F-0DE8FC28AC7F}.Debug|Any CPU.Build.0 = Debug|Any CPU
		{CF0F0D5B-FB30-406B-8A7F-0DE8FC28AC7F}.Release|Any CPU.ActiveCfg = Release|Any CPU
		{CF0F0D5B-FB30-406B-8A7F-0DE8FC28AC7F}.Release|Any CPU.Build.0 = Release|Any CPU
	EndGlobalSection
	GlobalSection(SolutionProperties) = preSolution
		HideSolutionNode = FALSE
	EndGlobalSection
	GlobalSection(NestedProjects) = preSolution
		{368D947E-C7D0-42D3-8CE5-3031E3BBEEC7} = {F87035DD-4D93-473A-AFC8-2E8384B30094}
		{6EE9B4E7-9B77-4BD1-9856-A7010FE97BF2} = {F87035DD-4D93-473A-AFC8-2E8384B30094}
		{E0240E7E-7FFA-47CF-88DD-27744AF1E2DB} = {F87035DD-4D93-473A-AFC8-2E8384B30094}
		{E7F7D508-71B6-4347-A9BB-7614BD0C664C} = {9F20E3FC-2A17-4889-BB50-5C7AB7AAEC1F}
		{BE81EF2C-E11D-4E42-8DC4-42A9242C4B57} = {9F20E3FC-2A17-4889-BB50-5C7AB7AAEC1F}
		{72B090CD-C35C-4A49-B55F-602F82531AFA} = {9F20E3FC-2A17-4889-BB50-5C7AB7AAEC1F}
		{EAADC744-0AA7-4A4C-90D7-CCA663FDD189} = {060EA319-DD92-412F-8583-F9D847915853}
		{CB07C628-6F53-45C4-A1BB-F6691C572B98} = {060EA319-DD92-412F-8583-F9D847915853}
		{4BEA0752-CB23-45D1-BCA0-9549CD90AA58} = {060EA319-DD92-412F-8583-F9D847915853}
		{E421EDB4-D277-49E7-BC86-AD29F5EF77F8} = {ED276349-F212-4137-9448-FCF900D7221A}
		{C24B4EBD-0D25-4E96-B1DA-649A085AA5F8} = {ED276349-F212-4137-9448-FCF900D7221A}
		{EA854C4B-6773-4DC8-BED7-3816A1B4AEA6} = {ED276349-F212-4137-9448-FCF900D7221A}
		{AD59BECC-4BF2-474F-AF26-D52EE11A9DDA} = {91DC7D50-742D-41BB-8050-BE5C442C3657}
		{5F8B6B44-CC73-41EA-AD43-BD827F564594} = {91DC7D50-742D-41BB-8050-BE5C442C3657}
		{CF0F0D5B-FB30-406B-8A7F-0DE8FC28AC7F} = {91DC7D50-742D-41BB-8050-BE5C442C3657}
	EndGlobalSection
	GlobalSection(ExtensibilityGlobals) = postSolution
		SolutionGuid = {1A85248F-88E7-4F84-AD43-74BEDCAB02CC}
	EndGlobalSection
EndGlobal
